Microsoft Visual Studio Solution File, Format Version 12.00
# Visual Studio Version 17
VisualStudioVersion = 17.5.2.0
MinimumVisualStudioVersion = 10.0.40219.1
Project("{FAE04EC0-301F-11D3-BF4B-00C04F79EFBC}") = "Day 8 Task 8", "Day 8 Task 8.csproj", "{FD677DF8-5081-50CC-C23D-FD51E9F51603}"
EndProject
Global
	GlobalSection(SolutionConfigurationPlatforms) = preSolution
		Debug|Any CPU = Debug|Any CPU
		Release|Any CPU = Release|Any CPU
	EndGlobalSection
	GlobalSection(ProjectConfigurationPlatforms) = postSolution
		{FD677DF8-5081-50CC-C23D-FD51E9F51603}.Debug|Any CPU.ActiveCfg = Debug|Any CPU
		{FD677DF8-5081-50CC-C23D-FD51E9F51603}.Debug|Any CPU.Build.0 = Debug|Any CPU
		{FD677DF8-5081-50CC-C23D-FD51E9F51603}.Release|Any CPU.ActiveCfg = Release|Any CPU
		{FD677DF8-5081-50CC-C23D-FD51E9F51603}.Release|Any CPU.Build.0 = Release|Any CPU
	EndGlobalSection
	GlobalSection(SolutionProperties) = preSolution
		HideSolutionNode = FALSE
	EndGlobalSection
	GlobalSection(ExtensibilityGlobals) = postSolution
		SolutionGuid = {1787D128-EDC7-4CE2-AA28-880631653333}
	EndGlobalSection
EndGlobal
